
Microsoft Visual Studio Solution File, Format Version 12.00
# Visual Studio Version 17
VisualStudioVersion = 17.5.33424.131
MinimumVisualStudioVersion = 10.0.40219.1
Project("{9A19103F-16F7-4668-BE54-9A1E7A4F7556}") = "SEDC.PizzaApp.Refactored", "SEDC.PizzaApp.Refactored\SEDC.PizzaApp.Refactored.csproj", "{A24B63BF-179A-44AF-AC4B-EA156DA520C8}"
EndProject
Project("{9A19103F-16F7-4668-BE54-9A1E7A4F7556}") = "SEDC.PizzaApp.Refactored.Domain", "SEDC.PizzaApp.Refactored.Domain\SEDC.PizzaApp.Refactored.Domain.csproj", "{5877E308-2723-4030-9DB8-C03E9101FD5C}"
EndProject
Project("{9A19103F-16F7-4668-BE54-9A1E7A4F7556}") = "SEDC.PizzaApp.Refactored.Services", "SEDC.PizzaApp.Refactored.Services\SEDC.PizzaApp.Refactored.Services.csproj", "{FDD5C350-9314-43DF-B7AD-81A393A41260}"
EndProject
Project("{9A19103F-16F7-4668-BE54-9A1E7A4F7556}") = "SEDC.PizzaApp.Refactored.DataAccess", "SEDC.PizzaApp.Refactored.DataAccess\SEDC.PizzaApp.Refactored.DataAccess.csproj", "{474B1AF2-FFEE-4F54-AD62-E3AF4AE97A32}"
EndProject
Project("{9A19103F-16F7-4668-BE54-9A1E7A4F7556}") = "SEDC.PizzaApp.Refactored.ViewModels", "SEDC.PizzaApp.Refactored.ViewModels\SEDC.PizzaApp.Refactored.ViewModels.csproj", "{FA531E64-10F5-466A-AA08-5F42D287F06F}"
EndProject
Project("{9A19103F-16F7-4668-BE54-9A1E7A4F7556}") = "SEDC.PizzaApp.Refactored.Mappers", "SEDC.PizzaApp.Refactored.Mappers\SEDC.PizzaApp.Refactored.Mappers.csproj", "{20A77204-C14A-4ADA-9561-13F3CE97A93A}"
EndProject
Project("{9A19103F-16F7-4668-BE54-9A1E7A4F7556}") = "SEDC.PizzaApp.Refactored.Shared", "SEDC.PizzaApp.Refactored.Shared\SEDC.PizzaApp.Refactored.Shared.csproj", "{C60061B0-89FF-48D0-BE9B-82268A8DBE32}"
EndProject
Project("{9A19103F-16F7-4668-BE54-9A1E7A4F7556}") = "SEDC.PizzaApp.Refactored.Helpers", "SEDC.PizzaApp.Refactored.Helpers\SEDC.PizzaApp.Refactored.Helpers.csproj", "{260D5A91-EA30-4EEB-8F42-5856473E56BA}"
EndProject
Global
	GlobalSection(SolutionConfigurationPlatforms) = preSolution
		Debug|Any CPU = Debug|Any CPU
		Release|Any CPU = Release|Any CPU
	EndGlobalSection
	GlobalSection(ProjectConfigurationPlatforms) = postSolution
		{A24B63BF-179A-44AF-AC4B-EA156DA520C8}.Debug|Any CPU.ActiveCfg = Debug|Any CPU
		{A24B63BF-179A-44AF-AC4B-EA156DA520C8}.Debug|Any CPU.Build.0 = Debug|Any CPU
		{A24B63BF-179A-44AF-AC4B-EA156DA520C8}.Release|Any CPU.ActiveCfg = Release|Any CPU
		{A24B63BF-179A-44AF-AC4B-EA156DA520C8}.Release|Any CPU.Build.0 = Release|Any CPU
		{5877E308-2723-4030-9DB8-C03E9101FD5C}.Debug|Any CPU.ActiveCfg = Debug|Any CPU
		{5877E308-2723-4030-9DB8-C03E9101FD5C}.Debug|Any CPU.Build.0 = Debug|Any CPU
		{5877E308-2723-4030-9DB8-C03E9101FD5C}.Release|Any CPU.ActiveCfg = Release|Any CPU
		{5877E308-2723-4030-9DB8-C03E9101FD5C}.Release|Any CPU.Build.0 = Release|Any CPU
		{FDD5C350-9314-43DF-B7AD-81A393A41260}.Debug|Any CPU.ActiveCfg = Debug|Any CPU
		{FDD5C350-9314-43DF-B7AD-81A393A41260}.Debug|Any CPU.Build.0 = Debug|Any CPU
		{FDD5C350-9314-43DF-B7AD-81A393A41260}.Release|Any CPU.ActiveCfg = Release|Any CPU
		{FDD5C350-9314-43DF-B7AD-81A393A41260}.Release|Any CPU.Build.0 = Release|Any CPU
		{474B1AF2-FFEE-4F54-AD62-E3AF4AE97A32}.Debug|Any CPU.ActiveCfg = Debug|Any CPU
		{474B1AF2-FFEE-4F54-AD62-E3AF4AE97A32}.Debug|Any CPU.Build.0 = Debug|Any CPU
		{474B1AF2-FFEE-4F54-AD62-E3AF4AE97A32}.Release|Any CPU.ActiveCfg = Release|Any CPU
		{474B1AF2-FFEE-4F54-AD62-E3AF4AE97A32}.Release|Any CPU.Build.0 = Release|Any CPU
		{FA531E64-10F5-466A-AA08-5F42D287F06F}.Debug|Any CPU.ActiveCfg = Debug|Any CPU
		{FA531E64-10F5-466A-AA08-5F42D287F06F}.Debug|Any CPU.Build.0 = Debug|Any CPU
		{FA531E64-10F5-466A-AA08-5F42D287F06F}.Release|Any CPU.ActiveCfg = Release|Any CPU
		{FA531E64-10F5-466A-AA08-5F42D287F06F}.Release|Any CPU.Build.0 = Release|Any CPU
		{20A77204-C14A-4ADA-9561-13F3CE97A93A}.Debug|Any CPU.ActiveCfg = Debug|Any CPU
		{20A77204-C14A-4ADA-9561-13F3CE97A93A}.Debug|Any CPU.Build.0 = Debug|Any CPU
		{20A77204-C14A-4ADA-9561-13F3CE97A93A}.Release|Any CPU.ActiveCfg = Release|Any CPU
		{20A77204-C14A-4ADA-9561-13F3CE97A93A}.Release|Any CPU.Build.0 = Release|Any CPU
		{C60061B0-89FF-48D0-BE9B-82268A8DBE32}.Debug|Any CPU.ActiveCfg = Debug|Any CPU
		{C60061B0-89FF-48D0-BE9B-82268A8DBE32}.Debug|Any CPU.Build.0 = Debug|Any CPU
		{C60061B0-89FF-48D0-BE9B-82268A8DBE32}.Release|Any CPU.ActiveCfg = Release|Any CPU
		{C60061B0-89FF-48D0-BE9B-82268A8DBE32}.Release|Any CPU.Build.0 = Release|Any CPU
		{260D5A91-EA30-4EEB-8F42-5856473E56BA}.Debug|Any CPU.ActiveCfg = Debug|Any CPU
		{260D5A91-EA30-4EEB-8F42-5856473E56BA}.Debug|Any CPU.Build.0 = Debug|Any CPU
		{260D5A91-EA30-4EEB-8F42-5856473E56BA}.Release|Any CPU.ActiveCfg = Release|Any CPU
		{260D5A91-EA30-4EEB-8F42-5856473E56BA}.Release|Any CPU.Build.0 = Release|Any CPU
	EndGlobalSection
	GlobalSection(SolutionProperties) = preSolution
		HideSolutionNode = FALSE
	EndGlobalSection
	GlobalSection(ExtensibilityGlobals) = postSolution
		SolutionGuid = {E9729CAE-C359-4EA3-B2FB-2EA85617F65A}
	EndGlobalSection
EndGlobal
